
Microsoft Visual Studio Solution File, Format Version 12.00
# Visual Studio Version 17
VisualStudioVersion = 17.2.32630.192
MinimumVisualStudioVersion = 10.0.40219.1
Project("{9A19103F-16F7-4668-BE54-9A1E7A4F7556}") = "WebApi.Adn", "WebApi.Adn\WebApi.Adn.csproj", "{A3101375-4D91-4644-8FD1-1BA94CCE3056}"
EndProject
Project("{9A19103F-16F7-4668-BE54-9A1E7A4F7556}") = "ConsoleAppTest", "ConsoleAppTest\ConsoleAppTest.csproj", "{B708383B-786F-414F-94A7-CA3DE0428A80}"
EndProject
Project("{2150E333-8FDC-42A3-9474-1A3956D46DE8}") = "ADN.Domain", "ADN.Domain", "{70920A1F-D5C1-4A29-B090-029D1BB22548}"
EndProject
Project("{2150E333-8FDC-42A3-9474-1A3956D46DE8}") = "ADN.Infrastructure", "ADN.Infrastructure", "{8ADB8960-3E2E-4572-9896-9A8DAB40698F}"
EndProject
Project("{2150E333-8FDC-42A3-9474-1A3956D46DE8}") = "ADN.Persistence", "ADN.Persistence", "{91F845E2-5B3F-476E-8F52-CCB0AED9B7A4}"
EndProject
Project("{2150E333-8FDC-42A3-9474-1A3956D46DE8}") = "ADN.Presentation", "ADN.Presentation", "{C0A5048D-3DE1-4A7D-AAC6-FC88D910CCE4}"
EndProject
Project("{2150E333-8FDC-42A3-9474-1A3956D46DE8}") = "ADN.Tests", "ADN.Tests", "{DD0ED6DD-88B1-4275-BEA2-7E31D4DB686E}"
EndProject
Project("{2150E333-8FDC-42A3-9474-1A3956D46DE8}") = "ADN.Application", "ADN.Application", "{1C8EE6E3-4356-426E-9790-3CA2691D6DE6}"
EndProject
Project("{9A19103F-16F7-4668-BE54-9A1E7A4F7556}") = "ADN.Application", "ADN.Application\ADN.Application.csproj", "{5E202FB3-D3C3-4072-84F8-960672B7552F}"
EndProject
Project("{9A19103F-16F7-4668-BE54-9A1E7A4F7556}") = "ADN.Domain", "ADN.Domain\ADN.Domain.csproj", "{EAE1C81A-2D90-447C-A632-4840BA059532}"
EndProject
Project("{9A19103F-16F7-4668-BE54-9A1E7A4F7556}") = "ADN.Data", "ADN.Data\ADN.Data.csproj", "{0E205048-0B22-48BF-AEFC-85B90039A372}"
EndProject
Project("{9A19103F-16F7-4668-BE54-9A1E7A4F7556}") = "ADN.Utilities", "ADN.Utilities\ADN.Utilities.csproj", "{3E4A07F7-8997-4992-B716-9AF20AA1772D}"
EndProject
Project("{9A19103F-16F7-4668-BE54-9A1E7A4F7556}") = "ADN.Shared", "AISC.Shared\ADN.Shared.csproj", "{1CB35985-342A-4672-BC07-805E317A333A}"
EndProject
Project("{E53339B2-1760-4266-BCC7-CA923CBCF16C}") = "docker-compose", "docker-compose.dcproj", "{33A80E4C-BF1F-4F43-82C4-7A703E8D1B1E}"
EndProject
Global
	GlobalSection(SolutionConfigurationPlatforms) = preSolution
		Debug|Any CPU = Debug|Any CPU
		Release|Any CPU = Release|Any CPU
	EndGlobalSection
	GlobalSection(ProjectConfigurationPlatforms) = postSolution
		{A3101375-4D91-4644-8FD1-1BA94CCE3056}.Debug|Any CPU.ActiveCfg = Debug|Any CPU
		{A3101375-4D91-4644-8FD1-1BA94CCE3056}.Debug|Any CPU.Build.0 = Debug|Any CPU
		{A3101375-4D91-4644-8FD1-1BA94CCE3056}.Release|Any CPU.ActiveCfg = Release|Any CPU
		{A3101375-4D91-4644-8FD1-1BA94CCE3056}.Release|Any CPU.Build.0 = Release|Any CPU
		{B708383B-786F-414F-94A7-CA3DE0428A80}.Debug|Any CPU.ActiveCfg = Debug|Any CPU
		{B708383B-786F-414F-94A7-CA3DE0428A80}.Debug|Any CPU.Build.0 = Debug|Any CPU
		{B708383B-786F-414F-94A7-CA3DE0428A80}.Release|Any CPU.ActiveCfg = Release|Any CPU
		{B708383B-786F-414F-94A7-CA3DE0428A80}.Release|Any CPU.Build.0 = Release|Any CPU
		{5E202FB3-D3C3-4072-84F8-960672B7552F}.Debug|Any CPU.ActiveCfg = Debug|Any CPU
		{5E202FB3-D3C3-4072-84F8-960672B7552F}.Debug|Any CPU.Build.0 = Debug|Any CPU
		{5E202FB3-D3C3-4072-84F8-960672B7552F}.Release|Any CPU.ActiveCfg = Release|Any CPU
		{5E202FB3-D3C3-4072-84F8-960672B7552F}.Release|Any CPU.Build.0 = Release|Any CPU
		{EAE1C81A-2D90-447C-A632-4840BA059532}.Debug|Any CPU.ActiveCfg = Debug|Any CPU
		{EAE1C81A-2D90-447C-A632-4840BA059532}.Debug|Any CPU.Build.0 = Debug|Any CPU
		{EAE1C81A-2D90-447C-A632-4840BA059532}.Release|Any CPU.ActiveCfg = Release|Any CPU
		{EAE1C81A-2D90-447C-A632-4840BA059532}.Release|Any CPU.Build.0 = Release|Any CPU
		{0E205048-0B22-48BF-AEFC-85B90039A372}.Debug|Any CPU.ActiveCfg = Debug|Any CPU
		{0E205048-0B22-48BF-AEFC-85B90039A372}.Debug|Any CPU.Build.0 = Debug|Any CPU
		{0E205048-0B22-48BF-AEFC-85B90039A372}.Release|Any CPU.ActiveCfg = Release|Any CPU
		{0E205048-0B22-48BF-AEFC-85B90039A372}.Release|Any CPU.Build.0 = Release|Any CPU
		{3E4A07F7-8997-4992-B716-9AF20AA1772D}.Debug|Any CPU.ActiveCfg = Debug|Any CPU
		{3E4A07F7-8997-4992-B716-9AF20AA1772D}.Debug|Any CPU.Build.0 = Debug|Any CPU
		{3E4A07F7-8997-4992-B716-9AF20AA1772D}.Release|Any CPU.ActiveCfg = Release|Any CPU
		{3E4A07F7-8997-4992-B716-9AF20AA1772D}.Release|Any CPU.Build.0 = Release|Any CPU
		{1CB35985-342A-4672-BC07-805E317A333A}.Debug|Any CPU.ActiveCfg = Debug|Any CPU
		{1CB35985-342A-4672-BC07-805E317A333A}.Debug|Any CPU.Build.0 = Debug|Any CPU
		{1CB35985-342A-4672-BC07-805E317A333A}.Release|Any CPU.ActiveCfg = Release|Any CPU
		{1CB35985-342A-4672-BC07-805E317A333A}.Release|Any CPU.Build.0 = Release|Any CPU
		{33A80E4C-BF1F-4F43-82C4-7A703E8D1B1E}.Debug|Any CPU.ActiveCfg = Debug|Any CPU
		{33A80E4C-BF1F-4F43-82C4-7A703E8D1B1E}.Debug|Any CPU.Build.0 = Debug|Any CPU
		{33A80E4C-BF1F-4F43-82C4-7A703E8D1B1E}.Release|Any CPU.ActiveCfg = Release|Any CPU
		{33A80E4C-BF1F-4F43-82C4-7A703E8D1B1E}.Release|Any CPU.Build.0 = Release|Any CPU
	EndGlobalSection
	GlobalSection(SolutionProperties) = preSolution
		HideSolutionNode = FALSE
	EndGlobalSection
	GlobalSection(NestedProjects) = preSolution
		{A3101375-4D91-4644-8FD1-1BA94CCE3056} = {C0A5048D-3DE1-4A7D-AAC6-FC88D910CCE4}
		{B708383B-786F-414F-94A7-CA3DE0428A80} = {C0A5048D-3DE1-4A7D-AAC6-FC88D910CCE4}
		{5E202FB3-D3C3-4072-84F8-960672B7552F} = {1C8EE6E3-4356-426E-9790-3CA2691D6DE6}
		{EAE1C81A-2D90-447C-A632-4840BA059532} = {70920A1F-D5C1-4A29-B090-029D1BB22548}
		{0E205048-0B22-48BF-AEFC-85B90039A372} = {91F845E2-5B3F-476E-8F52-CCB0AED9B7A4}
		{3E4A07F7-8997-4992-B716-9AF20AA1772D} = {8ADB8960-3E2E-4572-9896-9A8DAB40698F}
		{1CB35985-342A-4672-BC07-805E317A333A} = {8ADB8960-3E2E-4572-9896-9A8DAB40698F}
	EndGlobalSection
	GlobalSection(ExtensibilityGlobals) = postSolution
		SolutionGuid = {EC3A0BB7-CFE3-4402-8828-5C2CAC170755}
	EndGlobalSection
EndGlobal
